<?xml version="1.0" encoding="utf-8"?>
<Project ToolsVersion="4.0" xmlns="http://schemas.microsoft.com/developer/msbuild/2003">
  <ItemGroup>
    <ClCompile Include="AbstractScene.cpp" />
    <ClCompile Include="Collider\BoxCollider.cpp" />
    <ClCompile Include="Collider\ColliderBase.cpp" />
    <ClCompile Include="Enemy_AI.cpp" />
    <ClCompile Include="GameMain.cpp" />
    <ClCompile Include="main.cpp" />
    <ClCompile Include="PadInput.cpp" />
    <ClCompile Include="Player.cpp" />
    <ClCompile Include="SceneManager.cpp" />
    <ClCompile Include="StageFloor.cpp" />
    <ClCompile Include="Title.cpp" />
    <ClCompile Include="Pause.cpp" />
    <ClCompile Include="Enemy.cpp" />
    <ClCompile Include="Stage.cpp" />
    <ClCompile Include="StageWall.cpp" />
    <ClCompile Include="UI.cpp" />
  </ItemGroup>
  <ItemGroup>
    <ClInclude Include="AbstractScene.h" />
    <ClInclude Include="Define.h" />
    <ClInclude Include="Area.h" />
    <ClInclude Include="Collider\BoxCollider.h" />
    <ClInclude Include="Collider\ColliderBase.h" />
    <ClInclude Include="Enemy_AI.h" />
    <ClInclude Include="E_Collider.h" />
    <ClInclude Include="Location.h" />
    <ClInclude Include="GameMain.h" />
    <ClInclude Include="PadInput.h" />
    <ClInclude Include="Player.h" />
    <ClInclude Include="SceneManager.h" />
    <ClInclude Include="StageFloor.h" />
    <ClInclude Include="Title.h" />
    <ClInclude Include="Pause.h" />
    <ClInclude Include="Enemy.h" />
    <ClInclude Include="Stage.h" />
    <ClInclude Include="StageWall.h" />
    <ClInclude Include="UI.h" />
  </ItemGroup>
</Project>